
Microsoft Visual Studio Solution File, Format Version 12.00
# Visual Studio Version 17
VisualStudioVersion = 17.2.32630.192
MinimumVisualStudioVersion = 10.0.40219.1
Project("{FAE04EC0-301F-11D3-BF4B-00C04F79EFBC}") = "hill_CourseProject_Part2", "hill_CourseProject_Part2\hill_CourseProject_Part2.csproj", "{828FB0C9-27A1-4FAF-B2E4-CCD4BB43F861}"
EndProject
Global
	GlobalSection(SolutionConfigurationPlatforms) = preSolution
		Debug|Any CPU = Debug|Any CPU
		Release|Any CPU = Release|Any CPU
	EndGlobalSection
	GlobalSection(ProjectConfigurationPlatforms) = postSolution
		{828FB0C9-27A1-4FAF-B2E4-CCD4BB43F861}.Debug|Any CPU.ActiveCfg = Debug|Any CPU
		{828FB0C9-27A1-4FAF-B2E4-CCD4BB43F861}.Debug|Any CPU.Build.0 = Debug|Any CPU
		{828FB0C9-27A1-4FAF-B2E4-CCD4BB43F861}.Release|Any CPU.ActiveCfg = Release|Any CPU
		{828FB0C9-27A1-4FAF-B2E4-CCD4BB43F861}.Release|Any CPU.Build.0 = Release|Any CPU
	EndGlobalSection
	GlobalSection(SolutionProperties) = preSolution
		HideSolutionNode = FALSE
	EndGlobalSection
	GlobalSection(ExtensibilityGlobals) = postSolution
		SolutionGuid = {C99E2687-8D87-4BB1-8CFC-23C201570EFA}
	EndGlobalSection
EndGlobal
